<?xml version="1.0" encoding="utf-8"?>
<Project ToolsVersion="4.0" xmlns="http://schemas.microsoft.com/developer/msbuild/2003">
  <ItemGroup>
    <Filter Include="win32">
      <UniqueIdentifier>{84a8ebd7-7cf0-47f6-b75e-d441df67da40}</UniqueIdentifier>
    </Filter>
    <Filter Include="Classes">
      <UniqueIdentifier>{bb6c862e-70e9-49d9-81b7-3829a6f50471}</UniqueIdentifier>
    </Filter>
    <Filter Include="resource">
      <UniqueIdentifier>{715254bc-d70b-4ec5-bf29-467dd3ace079}</UniqueIdentifier>
    </Filter>
    <Filter Include="Classes\include">
      <UniqueIdentifier>{67e87470-e6a3-4104-adf0-658c4abf3090}</UniqueIdentifier>
    </Filter>
    <Filter Include="Classes\main">
      <UniqueIdentifier>{1d42ae70-1569-4a7d-8534-1d5c75ef3e30}</UniqueIdentifier>
    </Filter>
    <Filter Include="Classes\scene">
      <UniqueIdentifier>{ba087078-6cbc-4ba8-9396-bcda3e110655}</UniqueIdentifier>
    </Filter>
    <Filter Include="Classes\GameManager">
      <UniqueIdentifier>{36469a78-d160-4503-98b2-43d81d596f07}</UniqueIdentifier>
    </Filter>
    <Filter Include="Classes\GameManager\Egg">
      <UniqueIdentifier>{121c2977-bcfc-4b17-ba58-6d16c9cd5b61}</UniqueIdentifier>
    </Filter>
  </ItemGroup>
  <ItemGroup>
    <ClCompile Include="main.cpp">
      <Filter>win32</Filter>
    </ClCompile>
    <ClCompile Include="..\Classes\AppDelegate.cpp">
      <Filter>Classes\main</Filter>
    </ClCompile>
    <ClCompile Include="..\Classes\Game.cpp">
      <Filter>Classes\scene</Filter>
    </ClCompile>
    <ClCompile Include="..\Classes\GameManager.cpp">
      <Filter>Classes\GameManager</Filter>
    </ClCompile>
    <ClCompile Include="..\Classes\Egg.cpp">
      <Filter>Classes\GameManager\Egg</Filter>
    </ClCompile>
  </ItemGroup>
  <ItemGroup>
    <ClInclude Include="main.h">
      <Filter>win32</Filter>
    </ClInclude>
    <ClInclude Include="..\Classes\AppDelegate.h">
      <Filter>Classes\main</Filter>
    </ClInclude>
    <ClInclude Include="..\Classes\stdafx.h">
      <Filter>Classes\include</Filter>
    </ClInclude>
    <ClInclude Include="..\Classes\UserDefine.h">
      <Filter>Classes\include</Filter>
    </ClInclude>
    <ClInclude Include="..\Classes\UserInclude.h">
      <Filter>Classes\include</Filter>
    </ClInclude>
    <ClInclude Include="..\Classes\Game.h">
      <Filter>Classes\scene</Filter>
    </ClInclude>
    <ClInclude Include="..\Classes\GameManager.h">
      <Filter>Classes\GameManager</Filter>
    </ClInclude>
    <ClInclude Include="..\Classes\Egg.h">
      <Filter>Classes\GameManager\Egg</Filter>
    </ClInclude>
  </ItemGroup>
  <ItemGroup>
    <ResourceCompile Include="game.rc">
      <Filter>resource</Filter>
    </ResourceCompile>
  </ItemGroup>
</Project>